
Microsoft Visual Studio Solution File, Format Version 12.00
# Visual Studio Version 17
VisualStudioVersion = 17.14.36915.13 d17.14
MinimumVisualStudioVersion = 10.0.40219.1
Project("{FAE04EC0-301F-11D3-BF4B-00C04F79EFBC}") = "Healthcare Platform", "Healthcare Platform\Healthcare Platform.csproj", "{A313AC78-788A-4E2C-9C42-51ABFEF13E2A}"
EndProject
Global
	GlobalSection(SolutionConfigurationPlatforms) = preSolution
		Debug|Any CPU = Debug|Any CPU
		Release|Any CPU = Release|Any CPU
	EndGlobalSection
	GlobalSection(ProjectConfigurationPlatforms) = postSolution
		{A313AC78-788A-4E2C-9C42-51ABFEF13E2A}.Debug|Any CPU.ActiveCfg = Debug|Any CPU
		{A313AC78-788A-4E2C-9C42-51ABFEF13E2A}.Debug|Any CPU.Build.0 = Debug|Any CPU
		{A313AC78-788A-4E2C-9C42-51ABFEF13E2A}.Release|Any CPU.ActiveCfg = Release|Any CPU
		{A313AC78-788A-4E2C-9C42-51ABFEF13E2A}.Release|Any CPU.Build.0 = Release|Any CPU
	EndGlobalSection
	GlobalSection(SolutionProperties) = preSolution
		HideSolutionNode = FALSE
	EndGlobalSection
	GlobalSection(ExtensibilityGlobals) = postSolution
		SolutionGuid = {EBB093FC-232F-4346-95D1-F17D39041D49}
	EndGlobalSection
EndGlobal
